{
  "version": 4,
  "terraform_version": "1.9.5",
  "serial": 7,
  "lineage": "5ed0e6a9-976b-9f71-ab19-8de1f8ae98a2",
  "outputs": {},
  "resources": [
    {
      "mode": "managed",
      "type": "aws_vpc",
      "name": "main",
      "provider": "provider[\"registry.terraform.io/hashicorp/aws\"]",
      "instances": [
        {
          "schema_version": 1,
          "attributes": {
            "arn": "arn:aws:ec2:us-east-1:011528299314:vpc/vpc-06a989f8ab9bb6343",
            "assign_generated_ipv6_cidr_block": false,
            "cidr_block": "10.0.0.0/16",
            "default_network_acl_id": "acl-03bbce931c18c3fe6",
            "default_route_table_id": "rtb-02536b8105402a458",
            "default_security_group_id": "sg-01ae171c8390dca8e",
            "dhcp_options_id": "dopt-0e1ed1b3d7e64ec19",
            "enable_dns_hostnames": false,
            "enable_dns_support": true,
            "enable_network_address_usage_metrics": false,
            "id": "vpc-06a989f8ab9bb6343",
            "instance_tenancy": "default",
            "ipv4_ipam_pool_id": null,
            "ipv4_netmask_length": null,
            "ipv6_association_id": "",
            "ipv6_cidr_block": "",
            "ipv6_cidr_block_network_border_group": "",
            "ipv6_ipam_pool_id": "",
            "ipv6_netmask_length": 0,
            "main_route_table_id": "rtb-02536b8105402a458",
            "owner_id": "011528299314",
            "tags": null,
            "tags_all": {}
          },
          "sensitive_attributes": [],
          "private": "eyJzY2hlbWFfdmVyc2lvbiI6IjEifQ=="
        }
      ]
    }
  ],
  "check_results": null
}
